Microsoft Visual Studio Solution File, Format Version 12.00
# Visual Studio 2012
Project("{FAE04EC0-301F-11D3-BF4B-00C04F79EFBC}") = "Taller2", "Taller2.csproj", "{82095C02-BDB3-40B0-B530-53CDAC9890AA}"
EndProject
Global
	GlobalSection(SolutionConfigurationPlatforms) = preSolution
	Debug|Any CPU = Debug|Any CPU
	ExportDebug|Any CPU = ExportDebug|Any CPU
	ExportRelease|Any CPU = ExportRelease|Any CPU
	EndGlobalSection
	GlobalSection(ProjectConfigurationPlatforms) = postSolution
		{82095C02-BDB3-40B0-B530-53CDAC9890AA}.Debug|Any CPU.ActiveCfg = Debug|Any CPU
		{82095C02-BDB3-40B0-B530-53CDAC9890AA}.Debug|Any CPU.Build.0 = Debug|Any CPU
		{82095C02-BDB3-40B0-B530-53CDAC9890AA}.ExportDebug|Any CPU.ActiveCfg = ExportDebug|Any CPU
		{82095C02-BDB3-40B0-B530-53CDAC9890AA}.ExportDebug|Any CPU.Build.0 = ExportDebug|Any CPU
		{82095C02-BDB3-40B0-B530-53CDAC9890AA}.ExportRelease|Any CPU.ActiveCfg = ExportRelease|Any CPU
		{82095C02-BDB3-40B0-B530-53CDAC9890AA}.ExportRelease|Any CPU.Build.0 = ExportRelease|Any CPU
	EndGlobalSection
EndGlobal
